{
    "hash": "9323d4e4508f6b7df89ff4d848b0d41c",
    "packages": [
        {
            "name": "keboola/csv",
            "version": "1.0.8",
            "source": {
                "type": "git",
                "url": "https://github.com/keboola/php-csv",
                "reference": "1.0.8"
            },
            "dist": {
                "type": "zip",
                "url": "https://github.com/keboola/php-csv/zipball/1.0.8",
                "reference": "1.0.8",
                "shasum": ""
            },
            "time": "2012-10-16 05:55:29",
            "type": "library",
            "installation-source": "dist",
            "autoload": {
                "psr-0": {
                    "Keboola\\Csv": "src/"
                }
            },
            "description": "Keboola CSV reader and writer",
            "homepage": "http://keboola.com"
        }
    ],
    "packages-dev": null,
    "aliases": [

    ],
    "minimum-stability": "stable",
    "stability-flags": [

    ]
}
